// !$*UTF8*$!
{
	archiveVersion = 1;
	classes = {
	};
	objectVersion = 51;
	objects = {

/* Begin PBXBuildFile section */
		036211EA911B1EA9EF4619DC /* Pods_Heimish_iOS.framework in Frameworks */ = {isa = PBXBuildFile; fileRef = C4BF57C61C569BE7B0D322BA /* Pods_Heimish_iOS.framework */; };
		5410ADB0262C19E700419F50 /* Home.storyboard in Resources */ = {isa = PBXBuildFile; fileRef = 5410ADAF262C19E700419F50 /* Home.storyboard */; };
		5410ADB3262C1A0100419F50 /* HomeVC.swift in Sources */ = {isa = PBXBuildFile; fileRef = 5410ADB2262C1A0100419F50 /* HomeVC.swift */; };
		5412CC1826518B95003EDA6C /* activityData.swift in Sources */ = {isa = PBXBuildFile; fileRef = 5412CC1726518B95003EDA6C /* activityData.swift */; };
		541A69B9261C64E200201F0F /* GoogleService-Info.plist in Resources */ = {isa = PBXBuildFile; fileRef = 541A69B8261C64E200201F0F /* GoogleService-Info.plist */; };
		541A6AA72625851600201F0F /* GenericResponse.swift in Sources */ = {isa = PBXBuildFile; fileRef = 541A6AA62625851600201F0F /* GenericResponse.swift */; };
		541A6AAD262588A200201F0F /* APIService.swift in Sources */ = {isa = PBXBuildFile; fileRef = 541A6AAC262588A200201F0F /* APIService.swift */; };
		541A6AB02625924B00201F0F /* MessageData.swift in Sources */ = {isa = PBXBuildFile; fileRef = 541A6AAF2625924B00201F0F /* MessageData.swift */; };
		542E7AE5263442FD005798AA /* StorageTVCell.swift in Sources */ = {isa = PBXBuildFile; fileRef = 542E7AE4263442FD005798AA /* StorageTVCell.swift */; };
		542E7AEF26345013005798AA /* StorageChatVC.swift in Sources */ = {isa = PBXBuildFile; fileRef = 542E7AEE26345013005798AA /* StorageChatVC.swift */; };
		5436E46826417AC100B71AE4 /* Emotion.storyboard in Resources */ = {isa = PBXBuildFile; fileRef = 5436E46726417AC100B71AE4 /* Emotion.storyboard */; };
		5436E46B26417AD100B71AE4 /* EmotionVC.swift in Sources */ = {isa = PBXBuildFile; fileRef = 5436E46A26417AD100B71AE4 /* EmotionVC.swift */; };
		543D62AA2637F78300B94527 /* UIColor+Additions.swift in Sources */ = {isa = PBXBuildFile; fileRef = 543D62A92637F78300B94527 /* UIColor+Additions.swift */; };
		54426784266FDBCC00A2A65F /* StorageChat.storyboard in Resources */ = {isa = PBXBuildFile; fileRef = 54426783266FDBCC00A2A65F /* StorageChat.storyboard */; };
		54426786266FDCC300A2A65F /* StorageFloatingVC.swift in Sources */ = {isa = PBXBuildFile; fileRef = 54426785266FDCC300A2A65F /* StorageFloatingVC.swift */; };
		54426788266FE3D400A2A65F /* UIViewController+Extension.swift in Sources */ = {isa = PBXBuildFile; fileRef = 54426787266FE3D400A2A65F /* UIViewController+Extension.swift */; };
		545909D72646C85700496AE9 /* ProgressBarView.swift in Sources */ = {isa = PBXBuildFile; fileRef = 545909D62646C85700496AE9 /* ProgressBarView.swift */; };
		5486DC2B2610C51500AB139D /* NotoSansCJKkr-Medium.otf in Resources */ = {isa = PBXBuildFile; fileRef = 5486DC282610C51500AB139D /* NotoSansCJKkr-Medium.otf */; };
		5486DC2C2610C51500AB139D /* NotoSansCJKkr-Regular.otf in Resources */ = {isa = PBXBuildFile; fileRef = 5486DC292610C51500AB139D /* NotoSansCJKkr-Regular.otf */; };
		5486DC2D2610C51500AB139D /* NotoSansCJKkr-Bold.otf in Resources */ = {isa = PBXBuildFile; fileRef = 5486DC2A2610C51500AB139D /* NotoSansCJKkr-Bold.otf */; };
		549827E726621126001485B9 /* NoDataTVCell.swift in Sources */ = {isa = PBXBuildFile; fileRef = 549827E526621126001485B9 /* NoDataTVCell.swift */; };
		549827E826621126001485B9 /* NoDataTVCell.xib in Resources */ = {isa = PBXBuildFile; fileRef = 549827E626621126001485B9 /* NoDataTVCell.xib */; };
		54A6970926107E1A008B4F2C /* AppDelegate.swift in Sources */ = {isa = PBXBuildFile; fileRef = 54A6970826107E1A008B4F2C /* AppDelegate.swift */; };
		54A6970B26107E1A008B4F2C /* SceneDelegate.swift in Sources */ = {isa = PBXBuildFile; fileRef = 54A6970A26107E1A008B4F2C /* SceneDelegate.swift */; };
		54A6971226107E1D008B4F2C /* Assets.xcassets in Resources */ = {isa = PBXBuildFile; fileRef = 54A6971126107E1D008B4F2C /* Assets.xcassets */; };
		54A6971526107E1D008B4F2C /* LaunchScreen.storyboard in Resources */ = {isa = PBXBuildFile; fileRef = 54A6971326107E1D008B4F2C /* LaunchScreen.storyboard */; };
		54A6972326107EB4008B4F2C /* Chat.storyboard in Resources */ = {isa = PBXBuildFile; fileRef = 54A6972226107EB4008B4F2C /* Chat.storyboard */; };
		54A6972826108283008B4F2C /* UserBalloonTableViewCell.xib in Resources */ = {isa = PBXBuildFile; fileRef = 54A6972726108283008B4F2C /* UserBalloonTableViewCell.xib */; };
		54A6972C26108355008B4F2C /* ChatVC.swift in Sources */ = {isa = PBXBuildFile; fileRef = 54A6972B26108355008B4F2C /* ChatVC.swift */; };
		54A69731261089A3008B4F2C /* AiBalloonTVCell.swift in Sources */ = {isa = PBXBuildFile; fileRef = 54A6972F261089A3008B4F2C /* AiBalloonTVCell.swift */; };
		54A69732261089A3008B4F2C /* AiBalloonTableViewCell.xib in Resources */ = {isa = PBXBuildFile; fileRef = 54A69730261089A3008B4F2C /* AiBalloonTableViewCell.xib */; };
		54A69735261089B0008B4F2C /* UserBalloonTVCell.swift in Sources */ = {isa = PBXBuildFile; fileRef = 54A69734261089B0008B4F2C /* UserBalloonTVCell.swift */; };
		54A6973926109068008B4F2C /* UIView+Extension.swift in Sources */ = {isa = PBXBuildFile; fileRef = 54A6973826109068008B4F2C /* UIView+Extension.swift */; };
		54A6973D261090B9008B4F2C /* UITextField+Extension.swift in Sources */ = {isa = PBXBuildFile; fileRef = 54A6973C261090B9008B4F2C /* UITextField+Extension.swift */; };
		54CAB8A62647832B0066D94B /* UIButton+Extension.swift in Sources */ = {isa = PBXBuildFile; fileRef = 54CAB8A52647832B0066D94B /* UIButton+Extension.swift */; };
		54CAB8AA2647840D0066D94B /* String+Extension.swift in Sources */ = {isa = PBXBuildFile; fileRef = 54CAB8A92647840D0066D94B /* String+Extension.swift */; };
		54CAB8AC264784D60066D94B /* UILabel+Extension.swift in Sources */ = {isa = PBXBuildFile; fileRef = 54CAB8AB264784D60066D94B /* UILabel+Extension.swift */; };
		54E1BA25264A8F460076C306 /* .swiftlint.yml in Resources */ = {isa = PBXBuildFile; fileRef = 54E1BA24264A8F460076C306 /* .swiftlint.yml */; };
		54F2349326343B16009465B1 /* RealmDB.swift in Sources */ = {isa = PBXBuildFile; fileRef = 54F2349226343B16009465B1 /* RealmDB.swift */; };
		54F23496263440CD009465B1 /* Storage.storyboard in Resources */ = {isa = PBXBuildFile; fileRef = 54F23495263440CD009465B1 /* Storage.storyboard */; };
		54F2349926344171009465B1 /* StorageVC.swift in Sources */ = {isa = PBXBuildFile; fileRef = 54F2349826344171009465B1 /* StorageVC.swift */; };
/* End PBXBuildFile section */

/* Begin PBXFileReference section */
		5410ADAF262C19E700419F50 /* Home.storyboard */ = {isa = PBXFileReference; lastKnownFileType = file.storyboard; path = Home.storyboard; sourceTree = "<group>"; };
		5410ADB2262C1A0100419F50 /* HomeVC.swift */ = {isa = PBXFileReference; lastKnownFileType = sourcecode.swift; path = HomeVC.swift; sourceTree = "<group>"; };
		5412CC1726518B95003EDA6C /* activityData.swift */ = {isa = PBXFileReference; lastKnownFileType = sourcecode.swift; path = activityData.swift; sourceTree = "<group>"; };
		541A69B8261C64E200201F0F /* GoogleService-Info.plist */ = {isa = PBXFileReference; fileEncoding = 4; lastKnownFileType = text.plist.xml; path = "GoogleService-Info.plist"; sourceTree = "<group>"; };
		541A6AA62625851600201F0F /* GenericResponse.swift */ = {isa = PBXFileReference; lastKnownFileType = sourcecode.swift; path = GenericResponse.swift; sourceTree = "<group>"; };
		541A6AAC262588A200201F0F /* APIService.swift */ = {isa = PBXFileReference; lastKnownFileType = sourcecode.swift; path = APIService.swift; sourceTree = "<group>"; };
		541A6AAF2625924B00201F0F /* MessageData.swift */ = {isa = PBXFileReference; lastKnownFileType = sourcecode.swift; path = MessageData.swift; sourceTree = "<group>"; };
		542E7AE4263442FD005798AA /* StorageTVCell.swift */ = {isa = PBXFileReference; lastKnownFileType = sourcecode.swift; path = StorageTVCell.swift; sourceTree = "<group>"; };
		542E7AEE26345013005798AA /* StorageChatVC.swift */ = {isa = PBXFileReference; lastKnownFileType = sourcecode.swift; path = StorageChatVC.swift; sourceTree = "<group>"; };
		5436E46726417AC100B71AE4 /* Emotion.storyboard */ = {isa = PBXFileReference; lastKnownFileType = file.storyboard; path = Emotion.storyboard; sourceTree = "<group>"; };
		5436E46A26417AD100B71AE4 /* EmotionVC.swift */ = {isa = PBXFileReference; lastKnownFileType = sourcecode.swift; path = EmotionVC.swift; sourceTree = "<group>"; };
		543D62A92637F78300B94527 /* UIColor+Additions.swift */ = {isa = PBXFileReference; lastKnownFileType = sourcecode.swift; path = "UIColor+Additions.swift"; sourceTree = "<group>"; };
		54426783266FDBCC00A2A65F /* StorageChat.storyboard */ = {isa = PBXFileReference; lastKnownFileType = file.storyboard; path = StorageChat.storyboard; sourceTree = "<group>"; };
		54426785266FDCC300A2A65F /* StorageFloatingVC.swift */ = {isa = PBXFileReference; lastKnownFileType = sourcecode.swift; path = StorageFloatingVC.swift; sourceTree = "<group>"; };
		54426787266FE3D400A2A65F /* UIViewController+Extension.swift */ = {isa = PBXFileReference; lastKnownFileType = sourcecode.swift; path = "UIViewController+Extension.swift"; sourceTree = "<group>"; };
		545909D62646C85700496AE9 /* ProgressBarView.swift */ = {isa = PBXFileReference; lastKnownFileType = sourcecode.swift; path = ProgressBarView.swift; sourceTree = "<group>"; };
		5486DC282610C51500AB139D /* NotoSansCJKkr-Medium.otf */ = {isa = PBXFileReference; lastKnownFileType = file; path = "NotoSansCJKkr-Medium.otf"; sourceTree = "<group>"; };
		5486DC292610C51500AB139D /* NotoSansCJKkr-Regular.otf */ = {isa = PBXFileReference; lastKnownFileType = file; path = "NotoSansCJKkr-Regular.otf"; sourceTree = "<group>"; };
		5486DC2A2610C51500AB139D /* NotoSansCJKkr-Bold.otf */ = {isa = PBXFileReference; lastKnownFileType = file; path = "NotoSansCJKkr-Bold.otf"; sourceTree = "<group>"; };
		549827E526621126001485B9 /* NoDataTVCell.swift */ = {isa = PBXFileReference; lastKnownFileType = sourcecode.swift; path = NoDataTVCell.swift; sourceTree = "<group>"; };
		549827E626621126001485B9 /* NoDataTVCell.xib */ = {isa = PBXFileReference; lastKnownFileType = file.xib; path = NoDataTVCell.xib; sourceTree = "<group>"; };
		54A6970526107E1A008B4F2C /* Heimish-iOS.app */ = {isa = PBXFileReference; explicitFileType = wrapper.application; includeInIndex = 0; path = "Heimish-iOS.app"; sourceTree = BUILT_PRODUCTS_DIR; };
		54A6970826107E1A008B4F2C /* AppDelegate.swift */ = {isa = PBXFileReference; lastKnownFileType = sourcecode.swift; path = AppDelegate.swift; sourceTree = "<group>"; };
		54A6970A26107E1A008B4F2C /* SceneDelegate.swift */ = {isa = PBXFileReference; lastKnownFileType = sourcecode.swift; path = SceneDelegate.swift; sourceTree = "<group>"; };
		54A6971126107E1D008B4F2C /* Assets.xcassets */ = {isa = PBXFileReference; lastKnownFileType = folder.assetcatalog; path = Assets.xcassets; sourceTree = "<group>"; };
		54A6971426107E1D008B4F2C /* Base */ = {isa = PBXFileReference; lastKnownFileType = file.storyboard; name = Base; path = Base.lproj/LaunchScreen.storyboard; sourceTree = "<group>"; };
		54A6971626107E1D008B4F2C /* Info.plist */ = {isa = PBXFileReference; lastKnownFileType = text.plist.xml; path = Info.plist; sourceTree = "<group>"; };
		54A6972226107EB4008B4F2C /* Chat.storyboard */ = {isa = PBXFileReference; lastKnownFileType = file.storyboard; path = Chat.storyboard; sourceTree = "<group>"; };
		54A6972726108283008B4F2C /* UserBalloonTableViewCell.xib */ = {isa = PBXFileReference; lastKnownFileType = file.xib; path = UserBalloonTableViewCell.xib; sourceTree = "<group>"; };
		54A6972B26108355008B4F2C /* ChatVC.swift */ = {isa = PBXFileReference; lastKnownFileType = sourcecode.swift; path = ChatVC.swift; sourceTree = "<group>"; };
		54A6972F261089A3008B4F2C /* AiBalloonTVCell.swift */ = {isa = PBXFileReference; lastKnownFileType = sourcecode.swift; path = AiBalloonTVCell.swift; sourceTree = "<group>"; };
		54A69730261089A3008B4F2C /* AiBalloonTableViewCell.xib */ = {isa = PBXFileReference; lastKnownFileType = file.xib; path = AiBalloonTableViewCell.xib; sourceTree = "<group>"; };
		54A69734261089B0008B4F2C /* UserBalloonTVCell.swift */ = {isa = PBXFileReference; lastKnownFileType = sourcecode.swift; path = UserBalloonTVCell.swift; sourceTree = "<group>"; };
		54A6973826109068008B4F2C /* UIView+Extension.swift */ = {isa = PBXFileReference; lastKnownFileType = sourcecode.swift; path = "UIView+Extension.swift"; sourceTree = "<group>"; };
		54A6973C261090B9008B4F2C /* UITextField+Extension.swift */ = {isa = PBXFileReference; lastKnownFileType = sourcecode.swift; path = "UITextField+Extension.swift"; sourceTree = "<group>"; };
		54CAB8A52647832B0066D94B /* UIButton+Extension.swift */ = {isa = PBXFileReference; lastKnownFileType = sourcecode.swift; path = "UIButton+Extension.swift"; sourceTree = "<group>"; };
		54CAB8A92647840D0066D94B /* String+Extension.swift */ = {isa = PBXFileReference; lastKnownFileType = sourcecode.swift; path = "String+Extension.swift"; sourceTree = "<group>"; };
		54CAB8AB264784D60066D94B /* UILabel+Extension.swift */ = {isa = PBXFileReference; lastKnownFileType = sourcecode.swift; path = "UILabel+Extension.swift"; sourceTree = "<group>"; };
		54E1BA24264A8F460076C306 /* .swiftlint.yml */ = {isa = PBXFileReference; lastKnownFileType = text.yaml; path = .swiftlint.yml; sourceTree = "<group>"; };
		54F2349226343B16009465B1 /* RealmDB.swift */ = {isa = PBXFileReference; lastKnownFileType = sourcecode.swift; path = RealmDB.swift; sourceTree = "<group>"; };
		54F23495263440CD009465B1 /* Storage.storyboard */ = {isa = PBXFileReference; lastKnownFileType = file.storyboard; path = Storage.storyboard; sourceTree = "<group>"; };
		54F2349826344171009465B1 /* StorageVC.swift */ = {isa = PBXFileReference; lastKnownFileType = sourcecode.swift; path = StorageVC.swift; sourceTree = "<group>"; };
		777DDC344A27CB15B794CB4E /* Pods-Heimish-iOS.release.xcconfig */ = {isa = PBXFileReference; includeInIndex = 1; lastKnownFileType = text.xcconfig; name = "Pods-Heimish-iOS.release.xcconfig"; path = "Target Support Files/Pods-Heimish-iOS/Pods-Heimish-iOS.release.xcconfig"; sourceTree = "<group>"; };
		858A567AAF1F7D84AC584A10 /* Pods-Heimish-iOS.debug.xcconfig */ = {isa = PBXFileReference; includeInIndex = 1; lastKnownFileType = text.xcconfig; name = "Pods-Heimish-iOS.debug.xcconfig"; path = "Target Support Files/Pods-Heimish-iOS/Pods-Heimish-iOS.debug.xcconfig"; sourceTree = "<group>"; };
		C4BF57C61C569BE7B0D322BA /* Pods_Heimish_iOS.framework */ = {isa = PBXFileReference; explicitFileType = wrapper.framework; includeInIndex = 0; path = Pods_Heimish_iOS.framework; sourceTree = BUILT_PRODUCTS_DIR; };
/* End PBXFileReference section */

/* Begin PBXFrameworksBuildPhase section */
		54A6970226107E1A008B4F2C /* Frameworks */ = {
			isa = PBXFrameworksBuildPhase;
			buildActionMask = 2147483647;
			files = (
				036211EA911B1EA9EF4619DC /* Pods_Heimish_iOS.framework in Frameworks */,
			);
			runOnlyForDeploymentPostprocessing = 0;
		};
/* End PBXFrameworksBuildPhase section */

/* Begin PBXGroup section */
		5412CC1626518B85003EDA6C /* Mock */ = {
			isa = PBXGroup;
			children = (
				5412CC1726518B95003EDA6C /* activityData.swift */,
			);
			path = Mock;
			sourceTree = "<group>";
		};
		541A6AA4262584C800201F0F /* Model */ = {
			isa = PBXGroup;
			children = (
				541A6AA62625851600201F0F /* GenericResponse.swift */,
				541A6AAF2625924B00201F0F /* MessageData.swift */,
			);
			path = Model;
			sourceTree = "<group>";
		};
		542E7AE3263442DB005798AA /* xib */ = {
			isa = PBXGroup;
			children = (
				549827E626621126001485B9 /* NoDataTVCell.xib */,
				54A6972726108283008B4F2C /* UserBalloonTableViewCell.xib */,
				54A69730261089A3008B4F2C /* AiBalloonTableViewCell.xib */,
			);
			path = xib;
			sourceTree = "<group>";
		};
		542E7AEB26344FDE005798AA /* Home */ = {
			isa = PBXGroup;
			children = (
				5410ADB2262C1A0100419F50 /* HomeVC.swift */,
			);
			path = Home;
			sourceTree = "<group>";
		};
		542E7AEC26344FE9005798AA /* Chat */ = {
			isa = PBXGroup;
			children = (
				54A6972B26108355008B4F2C /* ChatVC.swift */,
				5436E46A26417AD100B71AE4 /* EmotionVC.swift */,
			);
			path = Chat;
			sourceTree = "<group>";
		};
		542E7AED26344FF6005798AA /* Storage */ = {
			isa = PBXGroup;
			children = (
				54F2349826344171009465B1 /* StorageVC.swift */,
				542E7AEE26345013005798AA /* StorageChatVC.swift */,
				54426785266FDCC300A2A65F /* StorageFloatingVC.swift */,
			);
			path = Storage;
			sourceTree = "<group>";
		};
		545909D52646C84C00496AE9 /* Class */ = {
			isa = PBXGroup;
			children = (
				545909D62646C85700496AE9 /* ProgressBarView.swift */,
			);
			path = Class;
			sourceTree = "<group>";
		};
		5486DC2F2610C51B00AB139D /* Font */ = {
			isa = PBXGroup;
			children = (
				5486DC2A2610C51500AB139D /* NotoSansCJKkr-Bold.otf */,
				5486DC282610C51500AB139D /* NotoSansCJKkr-Medium.otf */,
				5486DC292610C51500AB139D /* NotoSansCJKkr-Regular.otf */,
			);
			path = Font;
			sourceTree = "<group>";
		};
		54A696FC26107E1A008B4F2C = {
			isa = PBXGroup;
			children = (
				54E1BA24264A8F460076C306 /* .swiftlint.yml */,
				54A6970726107E1A008B4F2C /* Heimish-iOS */,
				54A6970626107E1A008B4F2C /* Products */,
				7131851EA525189E164D10C4 /* Pods */,
				7ED76B7535F90BC6C96D3951 /* Frameworks */,
			);
			sourceTree = "<group>";
		};
		54A6970626107E1A008B4F2C /* Products */ = {
			isa = PBXGroup;
			children = (
				54A6970526107E1A008B4F2C /* Heimish-iOS.app */,
			);
			name = Products;
			sourceTree = "<group>";
		};
		54A6970726107E1A008B4F2C /* Heimish-iOS */ = {
			isa = PBXGroup;
			children = (
				54A6971626107E1D008B4F2C /* Info.plist */,
				541A69B8261C64E200201F0F /* GoogleService-Info.plist */,
				54A6971F26107E47008B4F2C /* Sources */,
				54A6971E26107E40008B4F2C /* Resources */,
			);
			path = "Heimish-iOS";
			sourceTree = "<group>";
		};
		54A6971E26107E40008B4F2C /* Resources */ = {
			isa = PBXGroup;
			children = (
				5412CC1626518B85003EDA6C /* Mock */,
				54F2349126343AF6009465B1 /* Realm */,
				5486DC2F2610C51B00AB139D /* Font */,
				54A6972026107E92008B4F2C /* Storyboard */,
				54A6970826107E1A008B4F2C /* AppDelegate.swift */,
				54A6970A26107E1A008B4F2C /* SceneDelegate.swift */,
				54A6971126107E1D008B4F2C /* Assets.xcassets */,
				541A6AAC262588A200201F0F /* APIService.swift */,
			);
			path = Resources;
			sourceTree = "<group>";
		};
		54A6971F26107E47008B4F2C /* Sources */ = {
			isa = PBXGroup;
			children = (
				545909D52646C84C00496AE9 /* Class */,
				541A6AA4262584C800201F0F /* Model */,
				54A697372610905B008B4F2C /* Extensions */,
				54A6972526107FE9008B4F2C /* Cells */,
				54A6972126107E9E008B4F2C /* VC */,
			);
			path = Sources;
			sourceTree = "<group>";
		};
		54A6972026107E92008B4F2C /* Storyboard */ = {
			isa = PBXGroup;
			children = (
				54A6971326107E1D008B4F2C /* LaunchScreen.storyboard */,
				54A6972226107EB4008B4F2C /* Chat.storyboard */,
				5410ADAF262C19E700419F50 /* Home.storyboard */,
				54F23495263440CD009465B1 /* Storage.storyboard */,
				5436E46726417AC100B71AE4 /* Emotion.storyboard */,
				54426783266FDBCC00A2A65F /* StorageChat.storyboard */,
			);
			path = Storyboard;
			sourceTree = "<group>";
		};
		54A6972126107E9E008B4F2C /* VC */ = {
			isa = PBXGroup;
			children = (
				542E7AED26344FF6005798AA /* Storage */,
				542E7AEC26344FE9005798AA /* Chat */,
				542E7AEB26344FDE005798AA /* Home */,
			);
			path = VC;
			sourceTree = "<group>";
		};
		54A6972526107FE9008B4F2C /* Cells */ = {
			isa = PBXGroup;
			children = (
				542E7AE3263442DB005798AA /* xib */,
				54A6972F261089A3008B4F2C /* AiBalloonTVCell.swift */,
				54A69734261089B0008B4F2C /* UserBalloonTVCell.swift */,
				542E7AE4263442FD005798AA /* StorageTVCell.swift */,
				549827E526621126001485B9 /* NoDataTVCell.swift */,
			);
			path = Cells;
			sourceTree = "<group>";
		};
		54A697372610905B008B4F2C /* Extensions */ = {
			isa = PBXGroup;
			children = (
				54A6973826109068008B4F2C /* UIView+Extension.swift */,
				54A6973C261090B9008B4F2C /* UITextField+Extension.swift */,
				543D62A92637F78300B94527 /* UIColor+Additions.swift */,
				54CAB8A52647832B0066D94B /* UIButton+Extension.swift */,
				54CAB8A92647840D0066D94B /* String+Extension.swift */,
				54CAB8AB264784D60066D94B /* UILabel+Extension.swift */,
				54426787266FE3D400A2A65F /* UIViewController+Extension.swift */,
			);
			path = Extensions;
			sourceTree = "<group>";
		};
		54F2349126343AF6009465B1 /* Realm */ = {
			isa = PBXGroup;
			children = (
				54F2349226343B16009465B1 /* RealmDB.swift */,
			);
			path = Realm;
			sourceTree = "<group>";
		};
		7131851EA525189E164D10C4 /* Pods */ = {
			isa = PBXGroup;
			children = (
				858A567AAF1F7D84AC584A10 /* Pods-Heimish-iOS.debug.xcconfig */,
				777DDC344A27CB15B794CB4E /* Pods-Heimish-iOS.release.xcconfig */,
			);
			path = Pods;
			sourceTree = "<group>";
		};
		7ED76B7535F90BC6C96D3951 /* Frameworks */ = {
			isa = PBXGroup;
			children = (
				C4BF57C61C569BE7B0D322BA /* Pods_Heimish_iOS.framework */,
			);
			name = Frameworks;
			sourceTree = "<group>";
		};
/* End PBXGroup section */

/* Begin PBXNativeTarget section */
		54A6970426107E1A008B4F2C /* Heimish-iOS */ = {
			isa = PBXNativeTarget;
			buildConfigurationList = 54A6971926107E1D008B4F2C /* Build configuration list for PBXNativeTarget "Heimish-iOS" */;
			buildPhases = (
				FF35B49A49040D69F5EA03B5 /* [CP] Check Pods Manifest.lock */,
				54A6970126107E1A008B4F2C /* Sources */,
				54A6970226107E1A008B4F2C /* Frameworks */,
				54A6970326107E1A008B4F2C /* Resources */,
				54E1BA23264A8EBB0076C306 /* ShellScript */,
				259D84F006170FA9D13A4913 /* [CP] Embed Pods Frameworks */,
			);
			buildRules = (
			);
			dependencies = (
			);
			name = "Heimish-iOS";
			productName = "AiChatbot-iOS";
			productReference = 54A6970526107E1A008B4F2C /* Heimish-iOS.app */;
			productType = "com.apple.product-type.application";
		};
/* End PBXNativeTarget section */

/* Begin PBXProject section */
		54A696FD26107E1A008B4F2C /* Project object */ = {
			isa = PBXProject;
			attributes = {
				LastSwiftUpdateCheck = 1240;
				LastUpgradeCheck = 1240;
				TargetAttributes = {
					54A6970426107E1A008B4F2C = {
						CreatedOnToolsVersion = 12.4;
					};
				};
			};
			buildConfigurationList = 54A6970026107E1A008B4F2C /* Build configuration list for PBXProject "Heimish-iOS" */;
			compatibilityVersion = "Xcode 9.3";
			developmentRegion = en;
			hasScannedForEncodings = 0;
			knownRegions = (
				en,
				Base,
			);
			mainGroup = 54A696FC26107E1A008B4F2C;
			productRefGroup = 54A6970626107E1A008B4F2C /* Products */;
			projectDirPath = "";
			projectRoot = "";
			targets = (
				54A6970426107E1A008B4F2C /* Heimish-iOS */,
			);
		};
/* End PBXProject section */

/* Begin PBXResourcesBuildPhase section */
		54A6970326107E1A008B4F2C /* Resources */ = {
			isa = PBXResourcesBuildPhase;
			buildActionMask = 2147483647;
			files = (
				54E1BA25264A8F460076C306 /* .swiftlint.yml in Resources */,
				5436E46826417AC100B71AE4 /* Emotion.storyboard in Resources */,
				54426784266FDBCC00A2A65F /* StorageChat.storyboard in Resources */,
				54A6972326107EB4008B4F2C /* Chat.storyboard in Resources */,
				5410ADB0262C19E700419F50 /* Home.storyboard in Resources */,
				5486DC2C2610C51500AB139D /* NotoSansCJKkr-Regular.otf in Resources */,
				54F23496263440CD009465B1 /* Storage.storyboard in Resources */,
				541A69B9261C64E200201F0F /* GoogleService-Info.plist in Resources */,
				54A6971526107E1D008B4F2C /* LaunchScreen.storyboard in Resources */,
				549827E826621126001485B9 /* NoDataTVCell.xib in Resources */,
				54A6972826108283008B4F2C /* UserBalloonTableViewCell.xib in Resources */,
				54A6971226107E1D008B4F2C /* Assets.xcassets in Resources */,
				5486DC2D2610C51500AB139D /* NotoSansCJKkr-Bold.otf in Resources */,
				54A69732261089A3008B4F2C /* AiBalloonTableViewCell.xib in Resources */,
				5486DC2B2610C51500AB139D /* NotoSansCJKkr-Medium.otf in Resources */,
			);
			runOnlyForDeploymentPostprocessing = 0;
		};
/* End PBXResourcesBuildPhase section */

/* Begin PBXShellScriptBuildPhase section */
		259D84F006170FA9D13A4913 /* [CP] Embed Pods Frameworks */ = {
			isa = PBXShellScriptBuildPhase;
			buildActionMask = 2147483647;
			files = (
			);
			inputFileListPaths = (
				"${PODS_ROOT}/Target Support Files/Pods-Heimish-iOS/Pods-Heimish-iOS-frameworks-${CONFIGURATION}-input-files.xcfilelist",
			);
			name = "[CP] Embed Pods Frameworks";
			outputFileListPaths = (
				"${PODS_ROOT}/Target Support Files/Pods-Heimish-iOS/Pods-Heimish-iOS-frameworks-${CONFIGURATION}-output-files.xcfilelist",
			);
			runOnlyForDeploymentPostprocessing = 0;
			shellPath = /bin/sh;
			shellScript = "\"${PODS_ROOT}/Target Support Files/Pods-Heimish-iOS/Pods-Heimish-iOS-frameworks.sh\"\n";
			showEnvVarsInLog = 0;
		};
		54E1BA23264A8EBB0076C306 /* ShellScript */ = {
			isa = PBXShellScriptBuildPhase;
			buildActionMask = 2147483647;
			files = (
			);
			inputFileListPaths = (
			);
			inputPaths = (
			);
			outputFileListPaths = (
			);
			outputPaths = (
			);
			runOnlyForDeploymentPostprocessing = 0;
			shellPath = /bin/sh;
			shellScript = "# Type a script or drag a script file from your workspace to insert its path.\n${PODS_ROOT}/SwiftLint/swiftlint\n";
		};
		FF35B49A49040D69F5EA03B5 /* [CP] Check Pods Manifest.lock */ = {
			isa = PBXShellScriptBuildPhase;
			buildActionMask = 2147483647;
			files = (
			);
			inputFileListPaths = (
			);
			inputPaths = (
				"${PODS_PODFILE_DIR_PATH}/Podfile.lock",
				"${PODS_ROOT}/Manifest.lock",
			);
			name = "[CP] Check Pods Manifest.lock";
			outputFileListPaths = (
			);
			outputPaths = (
				"$(DERIVED_FILE_DIR)/Pods-Heimish-iOS-checkManifestLockResult.txt",
			);
			runOnlyForDeploymentPostprocessing = 0;
			shellPath = /bin/sh;
			shellScript = "diff \"${PODS_PODFILE_DIR_PATH}/Podfile.lock\" \"${PODS_ROOT}/Manifest.lock\" > /dev/null\nif [ $? != 0 ] ; then\n    # print error to STDERR\n    echo \"error: The sandbox is not in sync with the Podfile.lock. Run 'pod install' or update your CocoaPods installation.\" >&2\n    exit 1\nfi\n# This output is used by Xcode 'outputs' to avoid re-running this script phase.\necho \"SUCCESS\" > \"${SCRIPT_OUTPUT_FILE_0}\"\n";
			showEnvVarsInLog = 0;
		};
/* End PBXShellScriptBuildPhase section */

/* Begin PBXSourcesBuildPhase section */
		54A6970126107E1A008B4F2C /* Sources */ = {
			isa = PBXSourcesBuildPhase;
			buildActionMask = 2147483647;
			files = (
				54A6973926109068008B4F2C /* UIView+Extension.swift in Sources */,
				54A69735261089B0008B4F2C /* UserBalloonTVCell.swift in Sources */,
				54CAB8A62647832B0066D94B /* UIButton+Extension.swift in Sources */,
				543D62AA2637F78300B94527 /* UIColor+Additions.swift in Sources */,
				54426786266FDCC300A2A65F /* StorageFloatingVC.swift in Sources */,
				54A6973D261090B9008B4F2C /* UITextField+Extension.swift in Sources */,
				549827E726621126001485B9 /* NoDataTVCell.swift in Sources */,
				54F2349326343B16009465B1 /* RealmDB.swift in Sources */,
				5412CC1826518B95003EDA6C /* activityData.swift in Sources */,
				541A6AAD262588A200201F0F /* APIService.swift in Sources */,
				54CAB8AC264784D60066D94B /* UILabel+Extension.swift in Sources */,
				5436E46B26417AD100B71AE4 /* EmotionVC.swift in Sources */,
				54A6972C26108355008B4F2C /* ChatVC.swift in Sources */,
				54426788266FE3D400A2A65F /* UIViewController+Extension.swift in Sources */,
				545909D72646C85700496AE9 /* ProgressBarView.swift in Sources */,
				541A6AA72625851600201F0F /* GenericResponse.swift in Sources */,
				54CAB8AA2647840D0066D94B /* String+Extension.swift in Sources */,
				54A6970926107E1A008B4F2C /* AppDelegate.swift in Sources */,
				54A6970B26107E1A008B4F2C /* SceneDelegate.swift in Sources */,
				542E7AE5263442FD005798AA /* StorageTVCell.swift in Sources */,
				54F2349926344171009465B1 /* StorageVC.swift in Sources */,
				54A69731261089A3008B4F2C /* AiBalloonTVCell.swift in Sources */,
				5410ADB3262C1A0100419F50 /* HomeVC.swift in Sources */,
				541A6AB02625924B00201F0F /* MessageData.swift in Sources */,
				542E7AEF26345013005798AA /* StorageChatVC.swift in Sources */,
			);
			runOnlyForDeploymentPostprocessing = 0;
		};
/* End PBXSourcesBuildPhase section */

/* Begin PBXVariantGroup section */
		54A6971326107E1D008B4F2C /* LaunchScreen.storyboard */ = {
			isa = PBXVariantGroup;
			children = (
				54A6971426107E1D008B4F2C /* Base */,
			);
			name = LaunchScreen.storyboard;
			sourceTree = "<group>";
		};
/* End PBXVariantGroup section */

/* Begin XCBuildConfiguration section */
		54A6971726107E1D008B4F2C /* Debug */ = {
			isa = XCBuildConfiguration;
			buildSettings = {
				ALWAYS_SEARCH_USER_PATHS = NO;
				CLANG_ANALYZER_NONNULL = YES;
				CLANG_ANALYZER_NUMBER_OBJECT_CONVERSION = YES_AGGRESSIVE;
				CLANG_CXX_LANGUAGE_STANDARD = "gnu++14";
				CLANG_CXX_LIBRARY = "libc++";
				CLANG_ENABLE_MODULES = YES;
				CLANG_ENABLE_OBJC_ARC = YES;
				CLANG_ENABLE_OBJC_WEAK = YES;
				CLANG_WARN_BLOCK_CAPTURE_AUTORELEASING = YES;
				CLANG_WARN_BOOL_CONVERSION = YES;
				CLANG_WARN_COMMA = YES;
				CLANG_WARN_CONSTANT_CONVERSION = YES;
				CLANG_WARN_DEPRECATED_OBJC_IMPLEMENTATIONS = YES;
				CLANG_WARN_DIRECT_OBJC_ISA_USAGE = YES_ERROR;
				CLANG_WARN_DOCUMENTATION_COMMENTS = YES;
				CLANG_WARN_EMPTY_BODY = YES;
				CLANG_WARN_ENUM_CONVERSION = YES;
				CLANG_WARN_INFINITE_RECURSION = YES;
				CLANG_WARN_INT_CONVERSION = YES;
				CLANG_WARN_NON_LITERAL_NULL_CONVERSION = YES;
				CLANG_WARN_OBJC_IMPLICIT_RETAIN_SELF = YES;
				CLANG_WARN_OBJC_LITERAL_CONVERSION = YES;
				CLANG_WARN_OBJC_ROOT_CLASS = YES_ERROR;
				CLANG_WARN_QUOTED_INCLUDE_IN_FRAMEWORK_HEADER = YES;
				CLANG_WARN_RANGE_LOOP_ANALYSIS = YES;
				CLANG_WARN_STRICT_PROTOTYPES = YES;
				CLANG_WARN_SUSPICIOUS_MOVE = YES;
				CLANG_WARN_UNGUARDED_AVAILABILITY = YES_AGGRESSIVE;
				CLANG_WARN_UNREACHABLE_CODE = YES;
				CLANG_WARN__DUPLICATE_METHOD_MATCH = YES;
				COPY_PHASE_STRIP = NO;
				DEBUG_INFORMATION_FORMAT = dwarf;
				ENABLE_STRICT_OBJC_MSGSEND = YES;
				ENABLE_TESTABILITY = YES;
				GCC_C_LANGUAGE_STANDARD = gnu11;
				GCC_DYNAMIC_NO_PIC = NO;
				GCC_NO_COMMON_BLOCKS = YES;
				GCC_OPTIMIZATION_LEVEL = 0;
				GCC_PREPROCESSOR_DEFINITIONS = (
					"DEBUG=1",
					"$(inherited)",
				);
				GCC_WARN_64_TO_32_BIT_CONVERSION = YES;
				GCC_WARN_ABOUT_RETURN_TYPE = YES_ERROR;
				GCC_WARN_UNDECLARED_SELECTOR = YES;
				GCC_WARN_UNINITIALIZED_AUTOS = YES_AGGRESSIVE;
				GCC_WARN_UNUSED_FUNCTION = YES;
				GCC_WARN_UNUSED_VARIABLE = YES;
				IPHONEOS_DEPLOYMENT_TARGET = 13.0;
				MTL_ENABLE_DEBUG_INFO = INCLUDE_SOURCE;
				MTL_FAST_MATH = YES;
				ONLY_ACTIVE_ARCH = YES;
				SDKROOT = iphoneos;
				SWIFT_ACTIVE_COMPILATION_CONDITIONS = DEBUG;
				SWIFT_OPTIMIZATION_LEVEL = "-Onone";
			};
			name = Debug;
		};
		54A6971826107E1D008B4F2C /* Release */ = {
			isa = XCBuildConfiguration;
			buildSettings = {
				ALWAYS_SEARCH_USER_PATHS = NO;
				CLANG_ANALYZER_NONNULL = YES;
				CLANG_ANALYZER_NUMBER_OBJECT_CONVERSION = YES_AGGRESSIVE;
				CLANG_CXX_LANGUAGE_STANDARD = "gnu++14";
				CLANG_CXX_LIBRARY = "libc++";
				CLANG_ENABLE_MODULES = YES;
				CLANG_ENABLE_OBJC_ARC = YES;
				CLANG_ENABLE_OBJC_WEAK = YES;
				CLANG_WARN_BLOCK_CAPTURE_AUTORELEASING = YES;
				CLANG_WARN_BOOL_CONVERSION = YES;
				CLANG_WARN_COMMA = YES;
				CLANG_WARN_CONSTANT_CONVERSION = YES;
				CLANG_WARN_DEPRECATED_OBJC_IMPLEMENTATIONS = YES;
				CLANG_WARN_DIRECT_OBJC_ISA_USAGE = YES_ERROR;
				CLANG_WARN_DOCUMENTATION_COMMENTS = YES;
				CLANG_WARN_EMPTY_BODY = YES;
				CLANG_WARN_ENUM_CONVERSION = YES;
				CLANG_WARN_INFINITE_RECURSION = YES;
				CLANG_WARN_INT_CONVERSION = YES;
				CLANG_WARN_NON_LITERAL_NULL_CONVERSION = YES;
				CLANG_WARN_OBJC_IMPLICIT_RETAIN_SELF = YES;
				CLANG_WARN_OBJC_LITERAL_CONVERSION = YES;
				CLANG_WARN_OBJC_ROOT_CLASS = YES_ERROR;
				CLANG_WARN_QUOTED_INCLUDE_IN_FRAMEWORK_HEADER = YES;
				CLANG_WARN_RANGE_LOOP_ANALYSIS = YES;
				CLANG_WARN_STRICT_PROTOTYPES = YES;
				CLANG_WARN_SUSPICIOUS_MOVE = YES;
				CLANG_WARN_UNGUARDED_AVAILABILITY = YES_AGGRESSIVE;
				CLANG_WARN_UNREACHABLE_CODE = YES;
				CLANG_WARN__DUPLICATE_METHOD_MATCH = YES;
				COPY_PHASE_STRIP = NO;
				DEBUG_INFORMATION_FORMAT = "dwarf-with-dsym";
				ENABLE_NS_ASSERTIONS = NO;
				ENABLE_STRICT_OBJC_MSGSEND = YES;
				GCC_C_LANGUAGE_STANDARD = gnu11;
				GCC_NO_COMMON_BLOCKS = YES;
				GCC_WARN_64_TO_32_BIT_CONVERSION = YES;
				GCC_WARN_ABOUT_RETURN_TYPE = YES_ERROR;
				GCC_WARN_UNDECLARED_SELECTOR = YES;
				GCC_WARN_UNINITIALIZED_AUTOS = YES_AGGRESSIVE;
				GCC_WARN_UNUSED_FUNCTION = YES;
				GCC_WARN_UNUSED_VARIABLE = YES;
				IPHONEOS_DEPLOYMENT_TARGET = 13.0;
				MTL_ENABLE_DEBUG_INFO = NO;
				MTL_FAST_MATH = YES;
				SDKROOT = iphoneos;
				SWIFT_COMPILATION_MODE = wholemodule;
				SWIFT_OPTIMIZATION_LEVEL = "-O";
				VALIDATE_PRODUCT = YES;
			};
			name = Release;
		};
		54A6971A26107E1D008B4F2C /* Debug */ = {
			isa = XCBuildConfiguration;
			baseConfigurationReference = 858A567AAF1F7D84AC584A10 /* Pods-Heimish-iOS.debug.xcconfig */;
			buildSettings = {
				ASSETCATALOG_COMPILER_APPICON_NAME = AppIcon;
				ASSETCATALOG_COMPILER_GLOBAL_ACCENT_COLOR_NAME = AccentColor;
				CODE_SIGN_STYLE = Automatic;
				DEVELOPMENT_TEAM = N8FDQCW52Q;
				INFOPLIST_FILE = "Heimish-iOS/Info.plist";
				IPHONEOS_DEPLOYMENT_TARGET = 13.0;
				LD_RUNPATH_SEARCH_PATHS = (
					"$(inherited)",
					"@executable_path/Frameworks",
				);
				PRODUCT_BUNDLE_IDENTIFIER = "com.ws.Heimish-iOS";
				PRODUCT_NAME = "$(TARGET_NAME)";
				SWIFT_VERSION = 5.0;
				TARGETED_DEVICE_FAMILY = "1,2";
			};
			name = Debug;
		};
		54A6971B26107E1D008B4F2C /* Release */ = {
			isa = XCBuildConfiguration;
			baseConfigurationReference = 777DDC344A27CB15B794CB4E /* Pods-Heimish-iOS.release.xcconfig */;
			buildSettings = {
				ASSETCATALOG_COMPILER_APPICON_NAME = AppIcon;
				ASSETCATALOG_COMPILER_GLOBAL_ACCENT_COLOR_NAME = AccentColor;
				CODE_SIGN_STYLE = Automatic;
				DEVELOPMENT_TEAM = N8FDQCW52Q;
				INFOPLIST_FILE = "Heimish-iOS/Info.plist";
				IPHONEOS_DEPLOYMENT_TARGET = 13.0;
				LD_RUNPATH_SEARCH_PATHS = (
					"$(inherited)",
					"@executable_path/Frameworks",
				);
				PRODUCT_BUNDLE_IDENTIFIER = "com.ws.Heimish-iOS";
				PRODUCT_NAME = "$(TARGET_NAME)";
				SWIFT_VERSION = 5.0;
				TARGETED_DEVICE_FAMILY = "1,2";
			};
			name = Release;
		};
/* End XCBuildConfiguration section */

/* Begin XCConfigurationList section */
		54A6970026107E1A008B4F2C /* Build configuration list for PBXProject "Heimish-iOS" */ = {
			isa = XCConfigurationList;
			buildConfigurations = (
				54A6971726107E1D008B4F2C /* Debug */,
				54A6971826107E1D008B4F2C /* Release */,
			);
			defaultConfigurationIsVisible = 0;
			defaultConfigurationName = Release;
		};
		54A6971926107E1D008B4F2C /* Build configuration list for PBXNativeTarget "Heimish-iOS" */ = {
			isa = XCConfigurationList;
			buildConfigurations = (
				54A6971A26107E1D008B4F2C /* Debug */,
				54A6971B26107E1D008B4F2C /* Release */,
			);
			defaultConfigurationIsVisible = 0;
			defaultConfigurationName = Release;
		};
/* End XCConfigurationList section */
	};
	rootObject = 54A696FD26107E1A008B4F2C /* Project object */;
}
